github.com/google/uuid v1.3.0 h1:t6JiXgmwXMjEs8VusXIJk2BXHsn+wx8BZdTaoZ5fu7I=
github.com/google/uuid v1.3.0/go.mod h1:TIyPZe4MgqvfeYDBFedMoGGpEw/LqOeaOT+nhxU+yHo=
github.com/usace/go-hdf5 v0.0.0-20230610133040-50d751c00c4d h1:meRn5QUJmiMhC0KhpipvgWfW01AYITPx2lCCcfgB9J4=
github.com/usace/go-hdf5 v0.0.0-20230610133040-50d751c00c4d/go.mod h1:7UnGKc/bXuT03VYfEx/Od6Jq0zmBMoH0jEVMESxnyLg=
github.com/usace/go-hdf5 v0.0.0-20250905114727-9cd0fd2d5ff7 h1:3rsiho7bA8TOgl4GAUPJ4vxqDWEm6Z8jzYrXTq2xrZ8=
github.com/usace/go-hdf5 v0.0.0-20250905114727-9cd0fd2d5ff7/go.mod h1:7UnGKc/bXuT03VYfEx/Od6Jq0zmBMoH0jEVMESxnyLg=
